
Microsoft Visual Studio Solution File, Format Version 12.00
# Visual Studio Version 16
VisualStudioVersion = 16.0.29201.188
MinimumVisualStudioVersion = 10.0.40219.1
Project("{8BC9CEB8-8B4A-11D0-8D11-00A0C91BC942}") = "JContainers", "JContainers\JContainers.vcxproj", "{C7305D8C-5514-4C58-9ED7-04D1D7A53D8D}"
EndProject
Project("{8BC9CEB8-8B4A-11D0-8D11-00A0C91BC942}") = "skse", "dep\skse\skse\skse.vcxproj", "{AA0365EC-47EA-45AA-BB1F-EBBCCCC466F2}"
EndProject
Project("{8BC9CEB8-8B4A-11D0-8D11-00A0C91BC942}") = "common", "dep\common\common.vcxproj", "{20C6411C-596F-4B85-BE4E-8BC91F59D8A6}"
EndProject
Project("{8BC9CEB8-8B4A-11D0-8D11-00A0C91BC942}") = "jansson", "dep\jansson\jansson.vcxproj", "{F9EF3CA7-06A8-4BB2-9232-C4251E65829B}"
EndProject
Project("{8BC9CEB8-8B4A-11D0-8D11-00A0C91BC942}") = "json_validator", "json_validator\json_validator.vcxproj", "{CAA7D417-1B58-48AB-A226-C7E69141772C}"
EndProject
Project("{8BC9CEB8-8B4A-11D0-8D11-00A0C91BC942}") = "API_example", "api_usage_example\api_usage_example.vcxproj", "{6A52E028-EA40-467A-9055-6C7320B2746D}"
EndProject
Project("{8BC9CEB8-8B4A-11D0-8D11-00A0C91BC942}") = "luajit", "dep\luajit\luajit.vcxproj", "{7D8B3C09-A91E-4C14-93AF-059F314C601F}"
EndProject
Project("{8BC9CEB8-8B4A-11D0-8D11-00A0C91BC942}") = "gtest", "dep\googletest\gtest.vcxproj", "{C8F6C172-56F2-4E76-B5FA-C3B423B31BE7}"
EndProject
Global
	GlobalSection(SolutionConfigurationPlatforms) = preSolution
		Debug|Win32 = Debug|Win32
		Distrib|Win32 = Distrib|Win32
		Release|Win32 = Release|Win32
		SKSE|Win32 = SKSE|Win32
	EndGlobalSection
	GlobalSection(ProjectConfigurationPlatforms) = postSolution
		{C7305D8C-5514-4C58-9ED7-04D1D7A53D8D}.Debug|Win32.ActiveCfg = Debug|Win32
		{C7305D8C-5514-4C58-9ED7-04D1D7A53D8D}.Debug|Win32.Build.0 = Debug|Win32
		{C7305D8C-5514-4C58-9ED7-04D1D7A53D8D}.Distrib|Win32.ActiveCfg = Release|Win32
		{C7305D8C-5514-4C58-9ED7-04D1D7A53D8D}.Distrib|Win32.Build.0 = Release|Win32
		{C7305D8C-5514-4C58-9ED7-04D1D7A53D8D}.Release|Win32.ActiveCfg = Release|Win32
		{C7305D8C-5514-4C58-9ED7-04D1D7A53D8D}.Release|Win32.Build.0 = Release|Win32
		{C7305D8C-5514-4C58-9ED7-04D1D7A53D8D}.SKSE|Win32.ActiveCfg = Release|Win32
		{AA0365EC-47EA-45AA-BB1F-EBBCCCC466F2}.Debug|Win32.ActiveCfg = Debug|Win32
		{AA0365EC-47EA-45AA-BB1F-EBBCCCC466F2}.Debug|Win32.Build.0 = Debug|Win32
		{AA0365EC-47EA-45AA-BB1F-EBBCCCC466F2}.Distrib|Win32.ActiveCfg = Release|Win32
		{AA0365EC-47EA-45AA-BB1F-EBBCCCC466F2}.Distrib|Win32.Build.0 = Release|Win32
		{AA0365EC-47EA-45AA-BB1F-EBBCCCC466F2}.Release|Win32.ActiveCfg = Release|Win32
		{AA0365EC-47EA-45AA-BB1F-EBBCCCC466F2}.Release|Win32.Build.0 = Release|Win32
		{AA0365EC-47EA-45AA-BB1F-EBBCCCC466F2}.SKSE|Win32.ActiveCfg = SKSE|Win32
		{AA0365EC-47EA-45AA-BB1F-EBBCCCC466F2}.SKSE|Win32.Build.0 = SKSE|Win32
		{20C6411C-596F-4B85-BE4E-8BC91F59D8A6}.Debug|Win32.ActiveCfg = Debug|Win32
		{20C6411C-596F-4B85-BE4E-8BC91F59D8A6}.Debug|Win32.Build.0 = Debug|Win32
		{20C6411C-596F-4B85-BE4E-8BC91F59D8A6}.Distrib|Win32.ActiveCfg = Release|Win32
		{20C6411C-596F-4B85-BE4E-8BC91F59D8A6}.Distrib|Win32.Build.0 = Release|Win32
		{20C6411C-596F-4B85-BE4E-8BC91F59D8A6}.Release|Win32.ActiveCfg = Release|Win32
		{20C6411C-596F-4B85-BE4E-8BC91F59D8A6}.Release|Win32.Build.0 = Release|Win32
		{20C6411C-596F-4B85-BE4E-8BC91F59D8A6}.SKSE|Win32.ActiveCfg = Release|Win32
		{20C6411C-596F-4B85-BE4E-8BC91F59D8A6}.SKSE|Win32.Build.0 = Release|Win32
		{F9EF3CA7-06A8-4BB2-9232-C4251E65829B}.Debug|Win32.ActiveCfg = Debug|Win32
		{F9EF3CA7-06A8-4BB2-9232-C4251E65829B}.Debug|Win32.Build.0 = Debug|Win32
		{F9EF3CA7-06A8-4BB2-9232-C4251E65829B}.Distrib|Win32.ActiveCfg = Release|Win32
		{F9EF3CA7-06A8-4BB2-9232-C4251E65829B}.Distrib|Win32.Build.0 = Release|Win32
		{F9EF3CA7-06A8-4BB2-9232-C4251E65829B}.Release|Win32.ActiveCfg = Release|Win32
		{F9EF3CA7-06A8-4BB2-9232-C4251E65829B}.Release|Win32.Build.0 = Release|Win32
		{F9EF3CA7-06A8-4BB2-9232-C4251E65829B}.SKSE|Win32.ActiveCfg = Release|Win32
		{CAA7D417-1B58-48AB-A226-C7E69141772C}.Debug|Win32.ActiveCfg = Release|Win32
		{CAA7D417-1B58-48AB-A226-C7E69141772C}.Debug|Win32.Build.0 = Release|Win32
		{CAA7D417-1B58-48AB-A226-C7E69141772C}.Distrib|Win32.ActiveCfg = Release|Win32
		{CAA7D417-1B58-48AB-A226-C7E69141772C}.Distrib|Win32.Build.0 = Release|Win32
		{CAA7D417-1B58-48AB-A226-C7E69141772C}.Release|Win32.ActiveCfg = Release|Win32
		{CAA7D417-1B58-48AB-A226-C7E69141772C}.Release|Win32.Build.0 = Release|Win32
		{CAA7D417-1B58-48AB-A226-C7E69141772C}.SKSE|Win32.ActiveCfg = Release|Win32
		{6A52E028-EA40-467A-9055-6C7320B2746D}.Debug|Win32.ActiveCfg = Debug|Win32
		{6A52E028-EA40-467A-9055-6C7320B2746D}.Debug|Win32.Build.0 = Debug|Win32
		{6A52E028-EA40-467A-9055-6C7320B2746D}.Distrib|Win32.ActiveCfg = Release|Win32
		{6A52E028-EA40-467A-9055-6C7320B2746D}.Distrib|Win32.Build.0 = Release|Win32
		{6A52E028-EA40-467A-9055-6C7320B2746D}.Release|Win32.ActiveCfg = Release|Win32
		{6A52E028-EA40-467A-9055-6C7320B2746D}.Release|Win32.Build.0 = Release|Win32
		{6A52E028-EA40-467A-9055-6C7320B2746D}.SKSE|Win32.ActiveCfg = Release|Win32
		{7D8B3C09-A91E-4C14-93AF-059F314C601F}.Debug|Win32.ActiveCfg = Debug|Win32
		{7D8B3C09-A91E-4C14-93AF-059F314C601F}.Debug|Win32.Build.0 = Debug|Win32
		{7D8B3C09-A91E-4C14-93AF-059F314C601F}.Distrib|Win32.ActiveCfg = Release|Win32
		{7D8B3C09-A91E-4C14-93AF-059F314C601F}.Distrib|Win32.Build.0 = Release|Win32
		{7D8B3C09-A91E-4C14-93AF-059F314C601F}.Release|Win32.ActiveCfg = Release|Win32
		{7D8B3C09-A91E-4C14-93AF-059F314C601F}.Release|Win32.Build.0 = Release|Win32
		{7D8B3C09-A91E-4C14-93AF-059F314C601F}.SKSE|Win32.ActiveCfg = Release|Win32
		{C8F6C172-56F2-4E76-B5FA-C3B423B31BE7}.Debug|Win32.ActiveCfg = Debug|Win32
		{C8F6C172-56F2-4E76-B5FA-C3B423B31BE7}.Debug|Win32.Build.0 = Debug|Win32
		{C8F6C172-56F2-4E76-B5FA-C3B423B31BE7}.Distrib|Win32.ActiveCfg = Release|Win32
		{C8F6C172-56F2-4E76-B5FA-C3B423B31BE7}.Distrib|Win32.Build.0 = Release|Win32
		{C8F6C172-56F2-4E76-B5FA-C3B423B31BE7}.Release|Win32.ActiveCfg = Release|Win32
		{C8F6C172-56F2-4E76-B5FA-C3B423B31BE7}.Release|Win32.Build.0 = Release|Win32
		{C8F6C172-56F2-4E76-B5FA-C3B423B31BE7}.SKSE|Win32.ActiveCfg = Release|Win32
		{C8F6C172-56F2-4E76-B5FA-C3B423B31BE7}.SKSE|Win32.Build.0 = Release|Win32
	EndGlobalSection
	GlobalSection(SolutionProperties) = preSolution
		HideSolutionNode = FALSE
	EndGlobalSection
	GlobalSection(ExtensibilityGlobals) = postSolution
		SolutionGuid = {82824877-51D3-4EAB-A6DB-803FF15A2799}
	EndGlobalSection
EndGlobal
