<?xml version="1.0" encoding="utf-8"?>
<Project ToolsVersion="4.0" xmlns="http://schemas.microsoft.com/developer/msbuild/2003">
  <ItemGroup>
    <Filter Include="gtest">
      <UniqueIdentifier>{9fe98443-90a1-4d4a-8155-1f06db3a251b}</UniqueIdentifier>
    </Filter>
    <Filter Include="object_module">
      <UniqueIdentifier>{36211b98-169e-46fc-961c-48122146285c}</UniqueIdentifier>
    </Filter>
    <Filter Include="skse">
      <UniqueIdentifier>{ca106175-46ec-41d4-a025-c06319331cdf}</UniqueIdentifier>
    </Filter>
    <Filter Include="reflection">
      <UniqueIdentifier>{d21e5bf5-2f63-4cc1-b1ed-e9500125c58a}</UniqueIdentifier>
    </Filter>
    <Filter Include="plugin_interface">
      <UniqueIdentifier>{14edfebb-ae9f-4369-bd9f-3b374e3a73ba}</UniqueIdentifier>
    </Filter>
    <Filter Include="util">
      <UniqueIdentifier>{b2bd77e9-b73b-4846-b0e6-6ae153b3c7f1}</UniqueIdentifier>
    </Filter>
    <Filter Include="object_module\impl">
      <UniqueIdentifier>{eb23fa71-0ac8-43dc-8357-dd4915bbcfd6}</UniqueIdentifier>
    </Filter>
    <Filter Include="reflection\detail">
      <UniqueIdentifier>{bd7824e4-2e9a-4491-903f-a8f7d679474f}</UniqueIdentifier>
    </Filter>
    <Filter Include="collections">
      <UniqueIdentifier>{2c083f8d-8546-477b-851e-5eb515359766}</UniqueIdentifier>
    </Filter>
    <Filter Include="tes_api_3">
      <UniqueIdentifier>{a481ff76-9ab2-4bb4-91f6-f5d5e21c603c}</UniqueIdentifier>
    </Filter>
    <Filter Include="domain_master">
      <UniqueIdentifier>{a22f0f99-31ac-4eed-88d1-cdcf01afcfa1}</UniqueIdentifier>
    </Filter>
  </ItemGroup>
  <ItemGroup>
    <ClCompile Include="src\jcontainers_pch.cpp" />
    <ClCompile Include="src\jc_interface.cpp">
      <Filter>plugin_interface</Filter>
    </ClCompile>
    <ClCompile Include="src\testing_api.cpp">
      <Filter>plugin_interface</Filter>
    </ClCompile>
    <ClCompile Include="src\util\util.cpp">
      <Filter>util</Filter>
    </ClCompile>
    <ClCompile Include="src\object\object_module.cpp">
      <Filter>object_module\impl</Filter>
    </ClCompile>
    <ClCompile Include="src\reflection\detail\reflection.cpp">
      <Filter>reflection\detail</Filter>
    </ClCompile>
    <ClCompile Include="src\skse\skse.cpp">
      <Filter>skse</Filter>
    </ClCompile>
    <ClCompile Include="src\collections\collections.cpp">
      <Filter>collections</Filter>
    </ClCompile>
    <ClCompile Include="src\collections\lua_module.cpp">
      <Filter>collections</Filter>
    </ClCompile>
    <ClCompile Include="src\collections\access.cpp">
      <Filter>collections</Filter>
    </ClCompile>
    <ClCompile Include="src\api_3\string_wrapper.cpp">
      <Filter>tes_api_3</Filter>
    </ClCompile>
    <ClCompile Include="src\api_3\tes_api_3.cpp">
      <Filter>tes_api_3</Filter>
    </ClCompile>
    <ClCompile Include="src\skse_callbacks.cpp">
      <Filter>plugin_interface</Filter>
    </ClCompile>
    <ClCompile Include="src\util\logging.cpp">
      <Filter>util</Filter>
    </ClCompile>
    <ClCompile Include="src\context_master\domain_master.cpp">
      <Filter>domain_master</Filter>
    </ClCompile>
  </ItemGroup>
  <ItemGroup>
    <ClInclude Include="src\gtest.h">
      <Filter>gtest</Filter>
    </ClInclude>
    <ClInclude Include="src\meta.h">
      <Filter>gtest</Filter>
    </ClInclude>
    <ClInclude Include="src\typedefs.h" />
    <ClInclude Include="src\jcontainers_constants.h" />
    <ClInclude Include="src\jcontainers_pch.h" />
    <ClInclude Include="resource.h" />
    <ClInclude Include="src\jc_interface.h">
      <Filter>plugin_interface</Filter>
    </ClInclude>
    <ClInclude Include="src\util\spinlock.h">
      <Filter>util</Filter>
    </ClInclude>
    <ClInclude Include="src\util\util.h">
      <Filter>util</Filter>
    </ClInclude>
    <ClInclude Include="src\util\istring.h">
      <Filter>util</Filter>
    </ClInclude>
    <ClInclude Include="src\object\object_context.h">
      <Filter>object_module</Filter>
    </ClInclude>
    <ClInclude Include="src\object\object_base.h">
      <Filter>object_module</Filter>
    </ClInclude>
    <ClInclude Include="src\object\object_base_serialization.h">
      <Filter>object_module</Filter>
    </ClInclude>
    <ClInclude Include="src\object\object_base.hpp">
      <Filter>object_module\impl</Filter>
    </ClInclude>
    <ClInclude Include="src\object\object_context.hpp">
      <Filter>object_module\impl</Filter>
    </ClInclude>
    <ClInclude Include="src\object\object_registry.h">
      <Filter>object_module\impl</Filter>
    </ClInclude>
    <ClInclude Include="src\object\autorelease_queue.h">
      <Filter>object_module\impl</Filter>
    </ClInclude>
    <ClInclude Include="src\object\garbage_collector.h">
      <Filter>object_module\impl</Filter>
    </ClInclude>
    <ClInclude Include="src\object\id_generator.h">
      <Filter>object_module\impl</Filter>
    </ClInclude>
    <ClInclude Include="src\util\istring_serialization.h">
      <Filter>util</Filter>
    </ClInclude>
    <ClInclude Include="src\reflection\reflection.h">
      <Filter>reflection</Filter>
    </ClInclude>
    <ClInclude Include="src\reflection\tes_binding.h">
      <Filter>reflection</Filter>
    </ClInclude>
    <ClInclude Include="src\reflection\detail\code_producer.hpp">
      <Filter>reflection\detail</Filter>
    </ClInclude>
    <ClInclude Include="src\skse\skse.h">
      <Filter>skse</Filter>
    </ClInclude>
    <ClInclude Include="src\skse\string.h">
      <Filter>skse</Filter>
    </ClInclude>
    <ClInclude Include="src\skse\papyrus_args.hpp">
      <Filter>skse</Filter>
    </ClInclude>
    <ClInclude Include="src\collections\collections.h">
      <Filter>collections</Filter>
    </ClInclude>
    <ClInclude Include="src\collections\form_handling.h">
      <Filter>collections</Filter>
    </ClInclude>
    <ClInclude Include="src\collections\lua_module.h">
      <Filter>collections</Filter>
    </ClInclude>
    <ClInclude Include="src\collections\lua_native_funcs.hpp">
      <Filter>collections</Filter>
    </ClInclude>
    <ClInclude Include="src\collections\access.h">
      <Filter>collections</Filter>
    </ClInclude>
    <ClInclude Include="src\collections\functions.h">
      <Filter>collections</Filter>
    </ClInclude>
    <ClInclude Include="src\collections\copying.h">
      <Filter>collections</Filter>
    </ClInclude>
    <ClInclude Include="src\collections\operators.h">
      <Filter>collections</Filter>
    </ClInclude>
    <ClInclude Include="src\collections\context.h">
      <Filter>collections</Filter>
    </ClInclude>
    <ClInclude Include="src\collections\context.hpp">
      <Filter>collections</Filter>
    </ClInclude>
    <ClInclude Include="src\collections\error_code.h">
      <Filter>collections</Filter>
    </ClInclude>
    <ClInclude Include="src\collections\bind_traits.h">
      <Filter>collections</Filter>
    </ClInclude>
    <ClInclude Include="src\collections\item.h">
      <Filter>collections</Filter>
    </ClInclude>
    <ClInclude Include="src\collections\json_serialization.h">
      <Filter>collections</Filter>
    </ClInclude>
    <ClInclude Include="src\api_3\master.h">
      <Filter>tes_api_3</Filter>
    </ClInclude>
    <ClInclude Include="src\api_3\tes_array.h">
      <Filter>tes_api_3</Filter>
    </ClInclude>
    <ClInclude Include="src\api_3\tes_db.h">
      <Filter>tes_api_3</Filter>
    </ClInclude>
    <ClInclude Include="src\api_3\tes_form_db.h">
      <Filter>tes_api_3</Filter>
    </ClInclude>
    <ClInclude Include="src\api_3\tes_jcontainers.h">
      <Filter>tes_api_3</Filter>
    </ClInclude>
    <ClInclude Include="src\api_3\tes_lua.h">
      <Filter>tes_api_3</Filter>
    </ClInclude>
    <ClInclude Include="src\api_3\tes_map.h">
      <Filter>tes_api_3</Filter>
    </ClInclude>
    <ClInclude Include="src\api_3\tes_object.h">
      <Filter>tes_api_3</Filter>
    </ClInclude>
    <ClInclude Include="src\api_3\tes_string.h">
      <Filter>tes_api_3</Filter>
    </ClInclude>
    <ClInclude Include="src\collections\tests.h">
      <Filter>collections</Filter>
    </ClInclude>
    <ClInclude Include="src\reflection\detail\type_traits.hpp">
      <Filter>reflection\detail</Filter>
    </ClInclude>
    <ClInclude Include="src\collections\dyn_form_watcher.h">
      <Filter>collections</Filter>
    </ClInclude>
    <ClInclude Include="src\util\atomic_serialization.h">
      <Filter>util</Filter>
    </ClInclude>
    <ClInclude Include="src\form_id.h" />
    <ClInclude Include="src\collections\dyn_form_watcher.hpp">
      <Filter>collections</Filter>
    </ClInclude>
    <ClInclude Include="src\util\singleton.h">
      <Filter>util</Filter>
    </ClInclude>
    <ClInclude Include="Data\SKSE\Plugins\JCData\InternalLuaScripts\api_for_lua.h">
      <Filter>collections</Filter>
    </ClInclude>
    <ClInclude Include="src\util\stl_ext.h">
      <Filter>util</Filter>
    </ClInclude>
    <ClInclude Include="src\iarchive_with_blob.h" />
    <ClInclude Include="src\collections\default_value.h">
      <Filter>collections</Filter>
    </ClInclude>
    <ClInclude Include="src\util\cstring.h">
      <Filter>util</Filter>
    </ClInclude>
    <ClInclude Include="src\context_master\domain_master.h">
      <Filter>domain_master</Filter>
    </ClInclude>
    <ClInclude Include="src\context_master\domain_master_serialization.h">
      <Filter>domain_master</Filter>
    </ClInclude>
  </ItemGroup>
  <ItemGroup>
    <ResourceCompile Include="JContainers.rc" />
  </ItemGroup>
  <ItemGroup>
    <None Include="jc_debug.py" />
  </ItemGroup>
</Project>