<?xml version="1.0" encoding="utf-8"?>
<Project ToolsVersion="4.0" xmlns="http://schemas.microsoft.com/developer/msbuild/2003">
  <ItemGroup>
    <Filter Include="gtest">
      <UniqueIdentifier>{9fe98443-90a1-4d4a-8155-1f06db3a251b}</UniqueIdentifier>
    </Filter>
    <Filter Include="object_module">
      <UniqueIdentifier>{36211b98-169e-46fc-961c-48122146285c}</UniqueIdentifier>
    </Filter>
    <Filter Include="object_module\impl">
      <UniqueIdentifier>{69bd386b-435b-4941-9700-8f1c25f8f6dc}</UniqueIdentifier>
    </Filter>
    <Filter Include="collections_module">
      <UniqueIdentifier>{2c083f8d-8546-477b-851e-5eb515359766}</UniqueIdentifier>
    </Filter>
    <Filter Include="collections_module\path_resolving">
      <UniqueIdentifier>{3411d9ab-af92-4e3d-bc27-14589afe0710}</UniqueIdentifier>
    </Filter>
    <Filter Include="skse">
      <UniqueIdentifier>{ca106175-46ec-41d4-a025-c06319331cdf}</UniqueIdentifier>
    </Filter>
    <Filter Include="reflection">
      <UniqueIdentifier>{d21e5bf5-2f63-4cc1-b1ed-e9500125c58a}</UniqueIdentifier>
    </Filter>
    <Filter Include="plugin_interface">
      <UniqueIdentifier>{14edfebb-ae9f-4369-bd9f-3b374e3a73ba}</UniqueIdentifier>
    </Filter>
    <Filter Include="collections_module\lua">
      <UniqueIdentifier>{bc4ac5ac-882f-4d98-a11d-e0f0d63cb96f}</UniqueIdentifier>
    </Filter>
    <Filter Include="collections_module\tes_api_3">
      <UniqueIdentifier>{a481ff76-9ab2-4bb4-91f6-f5d5e21c603c}</UniqueIdentifier>
    </Filter>
    <Filter Include="util">
      <UniqueIdentifier>{b2bd77e9-b73b-4846-b0e6-6ae153b3c7f1}</UniqueIdentifier>
    </Filter>
  </ItemGroup>
  <ItemGroup>
    <ClCompile Include="src\serialization.cpp">
      <Filter>collections_module</Filter>
    </ClCompile>
    <ClCompile Include="src\gtest.cpp">
      <Filter>gtest</Filter>
    </ClCompile>
    <ClCompile Include="src\jcontainers_pch.cpp" />
    <ClCompile Include="src\path_resolving.cpp">
      <Filter>collections_module\path_resolving</Filter>
    </ClCompile>
    <ClCompile Include="src\skse.cpp">
      <Filter>skse</Filter>
    </ClCompile>
    <ClCompile Include="src\backward.compatibility.test.cpp">
      <Filter>collections_module</Filter>
    </ClCompile>
    <ClCompile Include="src\reflection.cpp">
      <Filter>reflection</Filter>
    </ClCompile>
    <ClCompile Include="src\object_module.cpp">
      <Filter>object_module\impl</Filter>
    </ClCompile>
    <ClCompile Include="src\jc_interface.cpp">
      <Filter>plugin_interface</Filter>
    </ClCompile>
    <ClCompile Include="src\string_wrapper.cpp">
      <Filter>collections_module</Filter>
    </ClCompile>
    <ClCompile Include="src\api_3\tes_inteface.cpp">
      <Filter>collections_module</Filter>
    </ClCompile>
    <ClCompile Include="src\dll_api.cpp">
      <Filter>plugin_interface</Filter>
    </ClCompile>
    <ClCompile Include="src\util.cpp">
      <Filter>util</Filter>
    </ClCompile>
    <ClCompile Include="src\lua_api.cpp">
      <Filter>collections_module\lua</Filter>
    </ClCompile>
  </ItemGroup>
  <ItemGroup>
    <ClInclude Include="src\collections.h">
      <Filter>collections_module</Filter>
    </ClInclude>
    <ClInclude Include="src\json_handling.h">
      <Filter>collections_module</Filter>
    </ClInclude>
    <ClInclude Include="src\tes_error_code.h">
      <Filter>collections_module</Filter>
    </ClInclude>
    <ClInclude Include="src\tes_context.h">
      <Filter>collections_module</Filter>
    </ClInclude>
    <ClInclude Include="src\tes_context.hpp">
      <Filter>collections_module</Filter>
    </ClInclude>
    <ClInclude Include="src\gtest.h">
      <Filter>gtest</Filter>
    </ClInclude>
    <ClInclude Include="src\meta.h">
      <Filter>gtest</Filter>
    </ClInclude>
    <ClInclude Include="src\autorelease_queue.h">
      <Filter>object_module\impl</Filter>
    </ClInclude>
    <ClInclude Include="src\id_generator.h">
      <Filter>object_module\impl</Filter>
    </ClInclude>
    <ClInclude Include="src\object_base.hpp">
      <Filter>object_module\impl</Filter>
    </ClInclude>
    <ClInclude Include="src\object_registry.h">
      <Filter>object_module\impl</Filter>
    </ClInclude>
    <ClInclude Include="src\rw_mutex.h">
      <Filter>object_module\impl</Filter>
    </ClInclude>
    <ClInclude Include="src\object_base.h">
      <Filter>object_module</Filter>
    </ClInclude>
    <ClInclude Include="src\spinlock.h">
      <Filter>object_module</Filter>
    </ClInclude>
    <ClInclude Include="src\typedefs.h" />
    <ClInclude Include="src\form_handling.h">
      <Filter>collections_module</Filter>
    </ClInclude>
    <ClInclude Include="src\collection_operators.h">
      <Filter>collections_module\path_resolving</Filter>
    </ClInclude>
    <ClInclude Include="src\path_resolving.h">
      <Filter>collections_module\path_resolving</Filter>
    </ClInclude>
    <ClInclude Include="src\boost_extras.h">
      <Filter>collections_module</Filter>
    </ClInclude>
    <ClInclude Include="src\skse.h">
      <Filter>skse</Filter>
    </ClInclude>
    <ClInclude Include="src\jcontainers_constants.h" />
    <ClInclude Include="src\tes_binding.h">
      <Filter>reflection</Filter>
    </ClInclude>
    <ClInclude Include="src\reflection.h">
      <Filter>reflection</Filter>
    </ClInclude>
    <ClInclude Include="src\collection_bind_traits.h">
      <Filter>collections_module</Filter>
    </ClInclude>
    <ClInclude Include="src\boost_serialization_intrusive_ptr_jc.h">
      <Filter>collections_module</Filter>
    </ClInclude>
    <ClInclude Include="src\object_base_serialization.h">
      <Filter>object_module</Filter>
    </ClInclude>
    <ClInclude Include="src\jcontainers_pch.h" />
    <ClInclude Include="src\code_producer.hpp">
      <Filter>reflection</Filter>
    </ClInclude>
    <ClInclude Include="resource.h" />
    <ClInclude Include="src\jc_interface.h">
      <Filter>plugin_interface</Filter>
    </ClInclude>
    <ClInclude Include="src\api_3\tes_array.h">
      <Filter>collections_module\tes_api_3</Filter>
    </ClInclude>
    <ClInclude Include="src\api_3\tes_db.h">
      <Filter>collections_module\tes_api_3</Filter>
    </ClInclude>
    <ClInclude Include="src\api_3\tes_form_db.h">
      <Filter>collections_module\tes_api_3</Filter>
    </ClInclude>
    <ClInclude Include="src\api_3\tes_jcontainers.h">
      <Filter>collections_module\tes_api_3</Filter>
    </ClInclude>
    <ClInclude Include="src\api_3\tes_lua.h">
      <Filter>collections_module\tes_api_3</Filter>
    </ClInclude>
    <ClInclude Include="src\api_3\tes_map.h">
      <Filter>collections_module\tes_api_3</Filter>
    </ClInclude>
    <ClInclude Include="src\api_3\tes_object.h">
      <Filter>collections_module\tes_api_3</Filter>
    </ClInclude>
    <ClInclude Include="src\api_3\tes_string.h">
      <Filter>collections_module\tes_api_3</Filter>
    </ClInclude>
    <ClInclude Include="src\api_3\collections.tests.hpp">
      <Filter>collections_module\tes_api_3</Filter>
    </ClInclude>
    <ClInclude Include="src\api_3\master.h">
      <Filter>collections_module\tes_api_3</Filter>
    </ClInclude>
    <ClInclude Include="src\object_context.h">
      <Filter>object_module</Filter>
    </ClInclude>
    <ClInclude Include="src\object_context.hpp">
      <Filter>object_module</Filter>
    </ClInclude>
    <ClInclude Include="src\util.h">
      <Filter>util</Filter>
    </ClInclude>
    <ClInclude Include="src\collection_functions.h">
      <Filter>collections_module</Filter>
    </ClInclude>
    <ClInclude Include="src\lua_basics.h">
      <Filter>collections_module\lua</Filter>
    </ClInclude>
    <ClInclude Include="Data\SKSE\Plugins\JCData\InternalLuaScripts\api_for_lua.h">
      <Filter>collections_module\lua</Filter>
    </ClInclude>
  </ItemGroup>
  <ItemGroup>
    <ResourceCompile Include="JContainers.rc" />
  </ItemGroup>
</Project>