
Microsoft Visual Studio Solution File, Format Version 12.00
# Visual Studio 2012
Project("{8BC9CEB8-8B4A-11D0-8D11-00A0C91BC942}") = "skse_loader", "skse_loader\skse_loader.vcxproj", "{7BE79948-9F31-4C2B-B9B5-78AB745B9CFB}"
EndProject
Project("{8BC9CEB8-8B4A-11D0-8D11-00A0C91BC942}") = "common_vc9", "..\common\common_vc9.vcxproj", "{20C6411C-596F-4B85-BE4E-8BC91F59D8A6}"
EndProject
Project("{8BC9CEB8-8B4A-11D0-8D11-00A0C91BC942}") = "loader_common", "loader_common\loader_common.vcxproj", "{B657620B-DED4-48F8-ACD4-F2BA9ECBC696}"
EndProject
Project("{8BC9CEB8-8B4A-11D0-8D11-00A0C91BC942}") = "skse", "skse\skse.vcxproj", "{AA0365EC-47EA-45AA-BB1F-EBBCCCC466F2}"
EndProject
Project("{8BC9CEB8-8B4A-11D0-8D11-00A0C91BC942}") = "steam_loader", "steam_loader\steam_loader.vcxproj", "{AE1AA342-F084-4F67-997D-2222369FBBE1}"
EndProject
Project("{8BC9CEB8-8B4A-11D0-8D11-00A0C91BC942}") = "JContainers", "JContainers\JContainers.vcxproj", "{C7305D8C-5514-4C58-9ED7-04D1D7A53D8D}"
EndProject
Project("{8BC9CEB8-8B4A-11D0-8D11-00A0C91BC942}") = "PIZDA", "PIZDA\PIZDA.vcxproj", "{FAA39367-64F7-4552-A537-002A1FFB8365}"
EndProject
Project("{8BC9CEB8-8B4A-11D0-8D11-00A0C91BC942}") = "line_breaker", "line_breaker\line_breaker.vcxproj", "{CA1F13B2-E297-427B-B94F-4197A1F14825}"
EndProject
Global
	GlobalSection(SolutionConfigurationPlatforms) = preSolution
		Debug|Win32 = Debug|Win32
		plugin|Win32 = plugin|Win32
		production|Win32 = production|Win32
		Release|Win32 = Release|Win32
	EndGlobalSection
	GlobalSection(ProjectConfigurationPlatforms) = postSolution
		{7BE79948-9F31-4C2B-B9B5-78AB745B9CFB}.Debug|Win32.ActiveCfg = Debug|Win32
		{7BE79948-9F31-4C2B-B9B5-78AB745B9CFB}.Debug|Win32.Build.0 = Debug|Win32
		{7BE79948-9F31-4C2B-B9B5-78AB745B9CFB}.plugin|Win32.ActiveCfg = Release|Win32
		{7BE79948-9F31-4C2B-B9B5-78AB745B9CFB}.production|Win32.ActiveCfg = Release|Win32
		{7BE79948-9F31-4C2B-B9B5-78AB745B9CFB}.Release|Win32.ActiveCfg = Release|Win32
		{7BE79948-9F31-4C2B-B9B5-78AB745B9CFB}.Release|Win32.Build.0 = Release|Win32
		{20C6411C-596F-4B85-BE4E-8BC91F59D8A6}.Debug|Win32.ActiveCfg = Debug|Win32
		{20C6411C-596F-4B85-BE4E-8BC91F59D8A6}.Debug|Win32.Build.0 = Debug|Win32
		{20C6411C-596F-4B85-BE4E-8BC91F59D8A6}.plugin|Win32.ActiveCfg = Release|Win32
		{20C6411C-596F-4B85-BE4E-8BC91F59D8A6}.production|Win32.ActiveCfg = Release|Win32
		{20C6411C-596F-4B85-BE4E-8BC91F59D8A6}.production|Win32.Build.0 = Release|Win32
		{20C6411C-596F-4B85-BE4E-8BC91F59D8A6}.Release|Win32.ActiveCfg = Release|Win32
		{20C6411C-596F-4B85-BE4E-8BC91F59D8A6}.Release|Win32.Build.0 = Release|Win32
		{B657620B-DED4-48F8-ACD4-F2BA9ECBC696}.Debug|Win32.ActiveCfg = Debug|Win32
		{B657620B-DED4-48F8-ACD4-F2BA9ECBC696}.Debug|Win32.Build.0 = Debug|Win32
		{B657620B-DED4-48F8-ACD4-F2BA9ECBC696}.plugin|Win32.ActiveCfg = Release|Win32
		{B657620B-DED4-48F8-ACD4-F2BA9ECBC696}.production|Win32.ActiveCfg = Release|Win32
		{B657620B-DED4-48F8-ACD4-F2BA9ECBC696}.Release|Win32.ActiveCfg = Release|Win32
		{B657620B-DED4-48F8-ACD4-F2BA9ECBC696}.Release|Win32.Build.0 = Release|Win32
		{AA0365EC-47EA-45AA-BB1F-EBBCCCC466F2}.Debug|Win32.ActiveCfg = Debug|Win32
		{AA0365EC-47EA-45AA-BB1F-EBBCCCC466F2}.Debug|Win32.Build.0 = Debug|Win32
		{AA0365EC-47EA-45AA-BB1F-EBBCCCC466F2}.plugin|Win32.ActiveCfg = release_lib|Win32
		{AA0365EC-47EA-45AA-BB1F-EBBCCCC466F2}.plugin|Win32.Build.0 = release_lib|Win32
		{AA0365EC-47EA-45AA-BB1F-EBBCCCC466F2}.production|Win32.ActiveCfg = release_lib|Win32
		{AA0365EC-47EA-45AA-BB1F-EBBCCCC466F2}.production|Win32.Build.0 = release_lib|Win32
		{AA0365EC-47EA-45AA-BB1F-EBBCCCC466F2}.Release|Win32.ActiveCfg = Release|Win32
		{AA0365EC-47EA-45AA-BB1F-EBBCCCC466F2}.Release|Win32.Build.0 = Release|Win32
		{AE1AA342-F084-4F67-997D-2222369FBBE1}.Debug|Win32.ActiveCfg = Debug|Win32
		{AE1AA342-F084-4F67-997D-2222369FBBE1}.Debug|Win32.Build.0 = Debug|Win32
		{AE1AA342-F084-4F67-997D-2222369FBBE1}.plugin|Win32.ActiveCfg = Release|Win32
		{AE1AA342-F084-4F67-997D-2222369FBBE1}.production|Win32.ActiveCfg = Release|Win32
		{AE1AA342-F084-4F67-997D-2222369FBBE1}.Release|Win32.ActiveCfg = Release|Win32
		{AE1AA342-F084-4F67-997D-2222369FBBE1}.Release|Win32.Build.0 = Release|Win32
		{C7305D8C-5514-4C58-9ED7-04D1D7A53D8D}.Debug|Win32.ActiveCfg = production|Win32
		{C7305D8C-5514-4C58-9ED7-04D1D7A53D8D}.Debug|Win32.Build.0 = production|Win32
		{C7305D8C-5514-4C58-9ED7-04D1D7A53D8D}.plugin|Win32.ActiveCfg = Release|Win32
		{C7305D8C-5514-4C58-9ED7-04D1D7A53D8D}.plugin|Win32.Build.0 = Release|Win32
		{C7305D8C-5514-4C58-9ED7-04D1D7A53D8D}.production|Win32.ActiveCfg = production|Win32
		{C7305D8C-5514-4C58-9ED7-04D1D7A53D8D}.production|Win32.Build.0 = production|Win32
		{C7305D8C-5514-4C58-9ED7-04D1D7A53D8D}.Release|Win32.ActiveCfg = Release|Win32
		{C7305D8C-5514-4C58-9ED7-04D1D7A53D8D}.Release|Win32.Build.0 = Release|Win32
		{FAA39367-64F7-4552-A537-002A1FFB8365}.Debug|Win32.ActiveCfg = Debug|Win32
		{FAA39367-64F7-4552-A537-002A1FFB8365}.Debug|Win32.Build.0 = Debug|Win32
		{FAA39367-64F7-4552-A537-002A1FFB8365}.plugin|Win32.ActiveCfg = Release|Win32
		{FAA39367-64F7-4552-A537-002A1FFB8365}.production|Win32.ActiveCfg = Release|Win32
		{FAA39367-64F7-4552-A537-002A1FFB8365}.Release|Win32.ActiveCfg = Release|Win32
		{FAA39367-64F7-4552-A537-002A1FFB8365}.Release|Win32.Build.0 = Release|Win32
		{CA1F13B2-E297-427B-B94F-4197A1F14825}.Debug|Win32.ActiveCfg = Debug|Win32
		{CA1F13B2-E297-427B-B94F-4197A1F14825}.Debug|Win32.Build.0 = Debug|Win32
		{CA1F13B2-E297-427B-B94F-4197A1F14825}.plugin|Win32.ActiveCfg = Release|Win32
		{CA1F13B2-E297-427B-B94F-4197A1F14825}.plugin|Win32.Build.0 = Release|Win32
		{CA1F13B2-E297-427B-B94F-4197A1F14825}.production|Win32.ActiveCfg = Release|Win32
		{CA1F13B2-E297-427B-B94F-4197A1F14825}.production|Win32.Build.0 = Release|Win32
		{CA1F13B2-E297-427B-B94F-4197A1F14825}.Release|Win32.ActiveCfg = Release|Win32
		{CA1F13B2-E297-427B-B94F-4197A1F14825}.Release|Win32.Build.0 = Release|Win32
	EndGlobalSection
	GlobalSection(SolutionProperties) = preSolution
		HideSolutionNode = FALSE
	EndGlobalSection
EndGlobal
