<?xml version="1.0" encoding="utf-8"?>
<Project ToolsVersion="4.0" xmlns="http://schemas.microsoft.com/developer/msbuild/2003">
  <ItemGroup>
    <Filter Include="tests">
      <UniqueIdentifier>{5c78a6c6-cc2b-4ca5-9f66-477fd348017d}</UniqueIdentifier>
    </Filter>
    <Filter Include="tes_interface">
      <UniqueIdentifier>{2c083f8d-8546-477b-851e-5eb515359766}</UniqueIdentifier>
    </Filter>
    <Filter Include="tes_objects">
      <UniqueIdentifier>{36211b98-169e-46fc-961c-48122146285c}</UniqueIdentifier>
    </Filter>
    <Filter Include="gtest">
      <UniqueIdentifier>{9fe98443-90a1-4d4a-8155-1f06db3a251b}</UniqueIdentifier>
    </Filter>
    <Filter Include="cJSON">
      <UniqueIdentifier>{1cc8956e-8c00-468c-9d3d-d9efe751cfa9}</UniqueIdentifier>
    </Filter>
    <Filter Include="tes_interface\tes_classes">
      <UniqueIdentifier>{a481ff76-9ab2-4bb4-91f6-f5d5e21c603c}</UniqueIdentifier>
    </Filter>
    <Filter Include="tes_objects\impl">
      <UniqueIdentifier>{69bd386b-435b-4941-9700-8f1c25f8f6dc}</UniqueIdentifier>
    </Filter>
    <Filter Include="code_producer">
      <UniqueIdentifier>{d21e5bf5-2f63-4cc1-b1ed-e9500125c58a}</UniqueIdentifier>
    </Filter>
  </ItemGroup>
  <ItemGroup>
    <ClCompile Include="main.cpp" />
    <ClCompile Include="gtest.cpp">
      <Filter>gtest</Filter>
    </ClCompile>
    <ClCompile Include="cJSON.cpp">
      <Filter>cJSON</Filter>
    </ClCompile>
    <ClCompile Include="jcontainers_pch.cpp" />
    <ClCompile Include="tes_inteface.cpp">
      <Filter>tes_interface</Filter>
    </ClCompile>
    <ClCompile Include="CodeProducer.cpp">
      <Filter>code_producer</Filter>
    </ClCompile>
    <ClCompile Include="basic_part.cpp">
      <Filter>tes_objects\impl</Filter>
    </ClCompile>
    <ClCompile Include="serialization.cpp">
      <Filter>tes_interface</Filter>
    </ClCompile>
  </ItemGroup>
  <ItemGroup>
    <ClInclude Include="collections.tests.hpp">
      <Filter>tests</Filter>
    </ClInclude>
    <ClInclude Include="tes_binding.h">
      <Filter>tes_interface</Filter>
    </ClInclude>
    <ClInclude Include="spinlock.h">
      <Filter>tes_objects</Filter>
    </ClInclude>
    <ClInclude Include="meta.h">
      <Filter>gtest</Filter>
    </ClInclude>
    <ClInclude Include="gtest.h">
      <Filter>gtest</Filter>
    </ClInclude>
    <ClInclude Include="cJSON.h">
      <Filter>cJSON</Filter>
    </ClInclude>
    <ClInclude Include="jcontainers_pch.h" />
    <ClInclude Include="tes_object.h">
      <Filter>tes_interface\tes_classes</Filter>
    </ClInclude>
    <ClInclude Include="tes_array.h">
      <Filter>tes_interface\tes_classes</Filter>
    </ClInclude>
    <ClInclude Include="tes_map.h">
      <Filter>tes_interface\tes_classes</Filter>
    </ClInclude>
    <ClInclude Include="tes_jcontainers.h">
      <Filter>tes_interface\tes_classes</Filter>
    </ClInclude>
    <ClInclude Include="tes_db.h">
      <Filter>tes_interface\tes_classes</Filter>
    </ClInclude>
    <ClInclude Include="typedefs.h" />
    <ClInclude Include="tes_error_code.h">
      <Filter>tes_interface</Filter>
    </ClInclude>
    <ClInclude Include="CodeProducer.h">
      <Filter>code_producer</Filter>
    </ClInclude>
    <ClInclude Include="autorelease_queue.h">
      <Filter>tes_objects\impl</Filter>
    </ClInclude>
    <ClInclude Include="object_registry.h">
      <Filter>tes_objects\impl</Filter>
    </ClInclude>
    <ClInclude Include="id_generator.h">
      <Filter>tes_objects\impl</Filter>
    </ClInclude>
    <ClInclude Include="rw_mutex.h">
      <Filter>tes_objects\impl</Filter>
    </ClInclude>
    <ClInclude Include="object_base.hpp">
      <Filter>tes_objects\impl</Filter>
    </ClInclude>
    <ClInclude Include="shared_state.h">
      <Filter>tes_objects</Filter>
    </ClInclude>
    <ClInclude Include="object_base.h">
      <Filter>tes_objects</Filter>
    </ClInclude>
    <ClInclude Include="collections.h">
      <Filter>tes_interface</Filter>
    </ClInclude>
    <ClInclude Include="tes_meta_info.h">
      <Filter>code_producer</Filter>
    </ClInclude>
    <ClInclude Include="tes_context.h">
      <Filter>tes_interface</Filter>
    </ClInclude>
    <ClInclude Include="tes_context.hpp">
      <Filter>tes_interface</Filter>
    </ClInclude>
    <ClInclude Include="shared_state.hpp">
      <Filter>tes_objects</Filter>
    </ClInclude>
  </ItemGroup>
  <ItemGroup>
    <None Include="exports.def" />
    <None Include="json_handling.h">
      <Filter>tes_objects</Filter>
    </None>
  </ItemGroup>
</Project>